// !$*UTF8*$!
{
	archiveVersion = 1;
	classes = {
	};
	objectVersion = 46;
	objects = {

/* Begin PBXBuildFile section */
		155988EA1BF1177100735DED /* EvaluateTableViewController.m in Sources */ = {isa = PBXBuildFile; fileRef = 155988E91BF1177100735DED /* EvaluateTableViewController.m */; };
		155988ED1BF1198C00735DED /* EVACell.m in Sources */ = {isa = PBXBuildFile; fileRef = 155988EC1BF1198C00735DED /* EVACell.m */; };
		15C999A71BCCB607006B35B6 /* main.m in Sources */ = {isa = PBXBuildFile; fileRef = 15C999A61BCCB607006B35B6 /* main.m */; };
		15C999AA1BCCB607006B35B6 /* AppDelegate.m in Sources */ = {isa = PBXBuildFile; fileRef = 15C999A91BCCB607006B35B6 /* AppDelegate.m */; };
		15C999B01BCCB607006B35B6 /* Main.storyboard in Resources */ = {isa = PBXBuildFile; fileRef = 15C999AE1BCCB607006B35B6 /* Main.storyboard */; };
		15C999B21BCCB607006B35B6 /* Images.xcassets in Resources */ = {isa = PBXBuildFile; fileRef = 15C999B11BCCB607006B35B6 /* Images.xcassets */; };
		15C999B51BCCB607006B35B6 /* LaunchScreen.xib in Resources */ = {isa = PBXBuildFile; fileRef = 15C999B31BCCB607006B35B6 /* LaunchScreen.xib */; };
		15C999C11BCCB607006B35B6 /* EvaluaMedTests.m in Sources */ = {isa = PBXBuildFile; fileRef = 15C999C01BCCB607006B35B6 /* EvaluaMedTests.m */; };
		15C999E41BCCB683006B35B6 /* pLogin.png in Resources */ = {isa = PBXBuildFile; fileRef = 15C999D61BCCB683006B35B6 /* pLogin.png */; };
		15C999E51BCCB683006B35B6 /* pLogout.png in Resources */ = {isa = PBXBuildFile; fileRef = 15C999D71BCCB683006B35B6 /* pLogout.png */; };
		15C999E71BCCB683006B35B6 /* pTec.png in Resources */ = {isa = PBXBuildFile; fileRef = 15C999D91BCCB683006B35B6 /* pTec.png */; };
		15D3A5831BD94F9B00B56E65 /* GetBackViewController.m in Sources */ = {isa = PBXBuildFile; fileRef = 15D3A5821BD94F9B00B56E65 /* GetBackViewController.m */; };
		15D3A5861BD9523400B56E65 /* pSend.png in Resources */ = {isa = PBXBuildFile; fileRef = 15D3A5851BD9523400B56E65 /* pSend.png */; };
		15FB03191BCD968E00A892E9 /* Networking.m in Sources */ = {isa = PBXBuildFile; fileRef = 15FB03181BCD968E00A892E9 /* Networking.m */; };
		15FB03231BCD96AE00A892E9 /* ECell.m in Sources */ = {isa = PBXBuildFile; fileRef = 15FB031D1BCD96AE00A892E9 /* ECell.m */; };
		15FB03241BCD96AE00A892E9 /* EvaluateListViewController.m in Sources */ = {isa = PBXBuildFile; fileRef = 15FB031F1BCD96AE00A892E9 /* EvaluateListViewController.m */; };
		15FB03251BCD96AE00A892E9 /* ViewController.m in Sources */ = {isa = PBXBuildFile; fileRef = 15FB03221BCD96AE00A892E9 /* ViewController.m */; };
		15FB032E1BCDA5BB00A892E9 /* pEvaluate.png in Resources */ = {isa = PBXBuildFile; fileRef = 15FB032D1BCDA5BB00A892E9 /* pEvaluate.png */; };
		15FB03491BCDACEF00A892E9 /* NSObject+SBJson.m in Sources */ = {isa = PBXBuildFile; fileRef = 15FB03311BCDACEF00A892E9 /* NSObject+SBJson.m */; };
		15FB034A1BCDACEF00A892E9 /* SBJsonParser.m in Sources */ = {isa = PBXBuildFile; fileRef = 15FB03341BCDACEF00A892E9 /* SBJsonParser.m */; };
		15FB034B1BCDACEF00A892E9 /* SBJsonStreamParser.m in Sources */ = {isa = PBXBuildFile; fileRef = 15FB03361BCDACEF00A892E9 /* SBJsonStreamParser.m */; };
		15FB034C1BCDACEF00A892E9 /* SBJsonStreamParserAccumulator.m in Sources */ = {isa = PBXBuildFile; fileRef = 15FB03381BCDACEF00A892E9 /* SBJsonStreamParserAccumulator.m */; };
		15FB034D1BCDACEF00A892E9 /* SBJsonStreamParserAdapter.m in Sources */ = {isa = PBXBuildFile; fileRef = 15FB033A1BCDACEF00A892E9 /* SBJsonStreamParserAdapter.m */; };
		15FB034E1BCDACEF00A892E9 /* SBJsonStreamParserState.m in Sources */ = {isa = PBXBuildFile; fileRef = 15FB033C1BCDACEF00A892E9 /* SBJsonStreamParserState.m */; };
		15FB034F1BCDACEF00A892E9 /* SBJsonStreamWriter.m in Sources */ = {isa = PBXBuildFile; fileRef = 15FB033E1BCDACEF00A892E9 /* SBJsonStreamWriter.m */; };
		15FB03501BCDACEF00A892E9 /* SBJsonStreamWriterAccumulator.m in Sources */ = {isa = PBXBuildFile; fileRef = 15FB03401BCDACEF00A892E9 /* SBJsonStreamWriterAccumulator.m */; };
		15FB03511BCDACEF00A892E9 /* SBJsonStreamWriterState.m in Sources */ = {isa = PBXBuildFile; fileRef = 15FB03421BCDACEF00A892E9 /* SBJsonStreamWriterState.m */; };
		15FB03521BCDACEF00A892E9 /* SBJsonTokeniser.m in Sources */ = {isa = PBXBuildFile; fileRef = 15FB03441BCDACEF00A892E9 /* SBJsonTokeniser.m */; };
		15FB03531BCDACEF00A892E9 /* SBJsonUTF8Stream.m in Sources */ = {isa = PBXBuildFile; fileRef = 15FB03461BCDACEF00A892E9 /* SBJsonUTF8Stream.m */; };
		15FB03541BCDACEF00A892E9 /* SBJsonWriter.m in Sources */ = {isa = PBXBuildFile; fileRef = 15FB03481BCDACEF00A892E9 /* SBJsonWriter.m */; };
/* End PBXBuildFile section */

/* Begin PBXContainerItemProxy section */
		15C999BB1BCCB607006B35B6 /* PBXContainerItemProxy */ = {
			isa = PBXContainerItemProxy;
			containerPortal = 15C999991BCCB607006B35B6 /* Project object */;
			proxyType = 1;
			remoteGlobalIDString = 15C999A01BCCB607006B35B6;
			remoteInfo = EvaluaMed;
		};
/* End PBXContainerItemProxy section */

/* Begin PBXFileReference section */
		155988E81BF1177100735DED /* EvaluateTableViewController.h */ = {isa = PBXFileReference; fileEncoding = 4; lastKnownFileType = sourcecode.c.h; name = EvaluateTableViewController.h; path = Evaluate/EvaluateTableViewController.h; sourceTree = "<group>"; };
		155988E91BF1177100735DED /* EvaluateTableViewController.m */ = {isa = PBXFileReference; fileEncoding = 4; lastKnownFileType = sourcecode.c.objc; name = EvaluateTableViewController.m; path = Evaluate/EvaluateTableViewController.m; sourceTree = "<group>"; };
		155988EB1BF1198C00735DED /* EVACell.h */ = {isa = PBXFileReference; fileEncoding = 4; lastKnownFileType = sourcecode.c.h; name = EVACell.h; path = Evaluate/EVACell/EVACell.h; sourceTree = "<group>"; };
		155988EC1BF1198C00735DED /* EVACell.m */ = {isa = PBXFileReference; fileEncoding = 4; lastKnownFileType = sourcecode.c.objc; name = EVACell.m; path = Evaluate/EVACell/EVACell.m; sourceTree = "<group>"; };
		15C999A11BCCB607006B35B6 /* EvaluaMed.app */ = {isa = PBXFileReference; explicitFileType = wrapper.application; includeInIndex = 0; path = EvaluaMed.app; sourceTree = BUILT_PRODUCTS_DIR; };
		15C999A51BCCB607006B35B6 /* Info.plist */ = {isa = PBXFileReference; lastKnownFileType = text.plist.xml; path = Info.plist; sourceTree = "<group>"; };
		15C999A61BCCB607006B35B6 /* main.m */ = {isa = PBXFileReference; lastKnownFileType = sourcecode.c.objc; path = main.m; sourceTree = "<group>"; };
		15C999A81BCCB607006B35B6 /* AppDelegate.h */ = {isa = PBXFileReference; lastKnownFileType = sourcecode.c.h; path = AppDelegate.h; sourceTree = "<group>"; };
		15C999A91BCCB607006B35B6 /* AppDelegate.m */ = {isa = PBXFileReference; lastKnownFileType = sourcecode.c.objc; path = AppDelegate.m; sourceTree = "<group>"; };
		15C999AF1BCCB607006B35B6 /* Base */ = {isa = PBXFileReference; lastKnownFileType = file.storyboard; name = Base; path = Base.lproj/Main.storyboard; sourceTree = "<group>"; };
		15C999B11BCCB607006B35B6 /* Images.xcassets */ = {isa = PBXFileReference; lastKnownFileType = folder.assetcatalog; path = Images.xcassets; sourceTree = "<group>"; };
		15C999B41BCCB607006B35B6 /* Base */ = {isa = PBXFileReference; lastKnownFileType = file.xib; name = Base; path = Base.lproj/LaunchScreen.xib; sourceTree = "<group>"; };
		15C999BA1BCCB607006B35B6 /* EvaluaMedTests.xctest */ = {isa = PBXFileReference; explicitFileType = wrapper.cfbundle; includeInIndex = 0; path = EvaluaMedTests.xctest; sourceTree = BUILT_PRODUCTS_DIR; };
		15C999BF1BCCB607006B35B6 /* Info.plist */ = {isa = PBXFileReference; lastKnownFileType = text.plist.xml; path = Info.plist; sourceTree = "<group>"; };
		15C999C01BCCB607006B35B6 /* EvaluaMedTests.m */ = {isa = PBXFileReference; lastKnownFileType = sourcecode.c.objc; path = EvaluaMedTests.m; sourceTree = "<group>"; };
		15C999D61BCCB683006B35B6 /* pLogin.png */ = {isa = PBXFileReference; lastKnownFileType = image.png; path = pLogin.png; sourceTree = "<group>"; };
		15C999D71BCCB683006B35B6 /* pLogout.png */ = {isa = PBXFileReference; lastKnownFileType = image.png; path = pLogout.png; sourceTree = "<group>"; };
		15C999D91BCCB683006B35B6 /* pTec.png */ = {isa = PBXFileReference; lastKnownFileType = image.png; path = pTec.png; sourceTree = "<group>"; };
		15D3A5811BD94F9B00B56E65 /* GetBackViewController.h */ = {isa = PBXFileReference; fileEncoding = 4; lastKnownFileType = sourcecode.c.h; name = GetBackViewController.h; path = GetBack/GetBackViewController.h; sourceTree = "<group>"; };
		15D3A5821BD94F9B00B56E65 /* GetBackViewController.m */ = {isa = PBXFileReference; fileEncoding = 4; lastKnownFileType = sourcecode.c.objc; name = GetBackViewController.m; path = GetBack/GetBackViewController.m; sourceTree = "<group>"; };
		15D3A5851BD9523400B56E65 /* pSend.png */ = {isa = PBXFileReference; lastKnownFileType = image.png; path = pSend.png; sourceTree = "<group>"; };
		15FB03171BCD968E00A892E9 /* Networking.h */ = {isa = PBXFileReference; fileEncoding = 4; lastKnownFileType = sourcecode.c.h; name = Networking.h; path = Networking/Networking.h; sourceTree = "<group>"; };
		15FB03181BCD968E00A892E9 /* Networking.m */ = {isa = PBXFileReference; fileEncoding = 4; lastKnownFileType = sourcecode.c.objc; name = Networking.m; path = Networking/Networking.m; sourceTree = "<group>"; };
		15FB031C1BCD96AE00A892E9 /* ECell.h */ = {isa = PBXFileReference; fileEncoding = 4; lastKnownFileType = sourcecode.c.h; path = ECell.h; sourceTree = "<group>"; };
		15FB031D1BCD96AE00A892E9 /* ECell.m */ = {isa = PBXFileReference; fileEncoding = 4; lastKnownFileType = sourcecode.c.objc; path = ECell.m; sourceTree = "<group>"; };
		15FB031E1BCD96AE00A892E9 /* EvaluateListViewController.h */ = {isa = PBXFileReference; fileEncoding = 4; lastKnownFileType = sourcecode.c.h; path = EvaluateListViewController.h; sourceTree = "<group>"; };
		15FB031F1BCD96AE00A892E9 /* EvaluateListViewController.m */ = {isa = PBXFileReference; fileEncoding = 4; lastKnownFileType = sourcecode.c.objc; path = EvaluateListViewController.m; sourceTree = "<group>"; };
		15FB03211BCD96AE00A892E9 /* ViewController.h */ = {isa = PBXFileReference; fileEncoding = 4; lastKnownFileType = sourcecode.c.h; path = ViewController.h; sourceTree = "<group>"; };
		15FB03221BCD96AE00A892E9 /* ViewController.m */ = {isa = PBXFileReference; fileEncoding = 4; lastKnownFileType = sourcecode.c.objc; path = ViewController.m; sourceTree = "<group>"; };
		15FB032D1BCDA5BB00A892E9 /* pEvaluate.png */ = {isa = PBXFileReference; lastKnownFileType = image.png; path = pEvaluate.png; sourceTree = "<group>"; };
		15FB03301BCDACEF00A892E9 /* NSObject+SBJson.h */ = {isa = PBXFileReference; fileEncoding = 4; lastKnownFileType = sourcecode.c.h; path = "NSObject+SBJson.h"; sourceTree = "<group>"; };
		15FB03311BCDACEF00A892E9 /* NSObject+SBJson.m */ = {isa = PBXFileReference; fileEncoding = 4; lastKnownFileType = sourcecode.c.objc; path = "NSObject+SBJson.m"; sourceTree = "<group>"; };
		15FB03321BCDACEF00A892E9 /* SBJson.h */ = {isa = PBXFileReference; fileEncoding = 4; lastKnownFileType = sourcecode.c.h; path = SBJson.h; sourceTree = "<group>"; };
		15FB03331BCDACEF00A892E9 /* SBJsonParser.h */ = {isa = PBXFileReference; fileEncoding = 4; lastKnownFileType = sourcecode.c.h; path = SBJsonParser.h; sourceTree = "<group>"; };
		15FB03341BCDACEF00A892E9 /* SBJsonParser.m */ = {isa = PBXFileReference; fileEncoding = 4; lastKnownFileType = sourcecode.c.objc; path = SBJsonParser.m; sourceTree = "<group>"; };
		15FB03351BCDACEF00A892E9 /* SBJsonStreamParser.h */ = {isa = PBXFileReference; fileEncoding = 4; lastKnownFileType = sourcecode.c.h; path = SBJsonStreamParser.h; sourceTree = "<group>"; };
		15FB03361BCDACEF00A892E9 /* SBJsonStreamParser.m */ = {isa = PBXFileReference; fileEncoding = 4; lastKnownFileType = sourcecode.c.objc; path = SBJsonStreamParser.m; sourceTree = "<group>"; };
		15FB03371BCDACEF00A892E9 /* SBJsonStreamParserAccumulator.h */ = {isa = PBXFileReference; fileEncoding = 4; lastKnownFileType = sourcecode.c.h; path = SBJsonStreamParserAccumulator.h; sourceTree = "<group>"; };
		15FB03381BCDACEF00A892E9 /* SBJsonStreamParserAccumulator.m */ = {isa = PBXFileReference; fileEncoding = 4; lastKnownFileType = sourcecode.c.objc; path = SBJsonStreamParserAccumulator.m; sourceTree = "<group>"; };
		15FB03391BCDACEF00A892E9 /* SBJsonStreamParserAdapter.h */ = {isa = PBXFileReference; fileEncoding = 4; lastKnownFileType = sourcecode.c.h; path = SBJsonStreamParserAdapter.h; sourceTree = "<group>"; };
		15FB033A1BCDACEF00A892E9 /* SBJsonStreamParserAdapter.m */ = {isa = PBXFileReference; fileEncoding = 4; lastKnownFileType = sourcecode.c.objc; path = SBJsonStreamParserAdapter.m; sourceTree = "<group>"; };
		15FB033B1BCDACEF00A892E9 /* SBJsonStreamParserState.h */ = {isa = PBXFileReference; fileEncoding = 4; lastKnownFileType = sourcecode.c.h; path = SBJsonStreamParserState.h; sourceTree = "<group>"; };
		15FB033C1BCDACEF00A892E9 /* SBJsonStreamParserState.m */ = {isa = PBXFileReference; fileEncoding = 4; lastKnownFileType = sourcecode.c.objc; path = SBJsonStreamParserState.m; sourceTree = "<group>"; };
		15FB033D1BCDACEF00A892E9 /* SBJsonStreamWriter.h */ = {isa = PBXFileReference; fileEncoding = 4; lastKnownFileType = sourcecode.c.h; path = SBJsonStreamWriter.h; sourceTree = "<group>"; };
		15FB033E1BCDACEF00A892E9 /* SBJsonStreamWriter.m */ = {isa = PBXFileReference; fileEncoding = 4; lastKnownFileType = sourcecode.c.objc; path = SBJsonStreamWriter.m; sourceTree = "<group>"; };
		15FB033F1BCDACEF00A892E9 /* SBJsonStreamWriterAccumulator.h */ = {isa = PBXFileReference; fileEncoding = 4; lastKnownFileType = sourcecode.c.h; path = SBJsonStreamWriterAccumulator.h; sourceTree = "<group>"; };
		15FB03401BCDACEF00A892E9 /* SBJsonStreamWriterAccumulator.m */ = {isa = PBXFileReference; fileEncoding = 4; lastKnownFileType = sourcecode.c.objc; path = SBJsonStreamWriterAccumulator.m; sourceTree = "<group>"; };
		15FB03411BCDACEF00A892E9 /* SBJsonStreamWriterState.h */ = {isa = PBXFileReference; fileEncoding = 4; lastKnownFileType = sourcecode.c.h; path = SBJsonStreamWriterState.h; sourceTree = "<group>"; };
		15FB03421BCDACEF00A892E9 /* SBJsonStreamWriterState.m */ = {isa = PBXFileReference; fileEncoding = 4; lastKnownFileType = sourcecode.c.objc; path = SBJsonStreamWriterState.m; sourceTree = "<group>"; };
		15FB03431BCDACEF00A892E9 /* SBJsonTokeniser.h */ = {isa = PBXFileReference; fileEncoding = 4; lastKnownFileType = sourcecode.c.h; path = SBJsonTokeniser.h; sourceTree = "<group>"; };
		15FB03441BCDACEF00A892E9 /* SBJsonTokeniser.m */ = {isa = PBXFileReference; fileEncoding = 4; lastKnownFileType = sourcecode.c.objc; path = SBJsonTokeniser.m; sourceTree = "<group>"; };
		15FB03451BCDACEF00A892E9 /* SBJsonUTF8Stream.h */ = {isa = PBXFileReference; fileEncoding = 4; lastKnownFileType = sourcecode.c.h; path = SBJsonUTF8Stream.h; sourceTree = "<group>"; };
		15FB03461BCDACEF00A892E9 /* SBJsonUTF8Stream.m */ = {isa = PBXFileReference; fileEncoding = 4; lastKnownFileType = sourcecode.c.objc; path = SBJsonUTF8Stream.m; sourceTree = "<group>"; };
		15FB03471BCDACEF00A892E9 /* SBJsonWriter.h */ = {isa = PBXFileReference; fileEncoding = 4; lastKnownFileType = sourcecode.c.h; path = SBJsonWriter.h; sourceTree = "<group>"; };
		15FB03481BCDACEF00A892E9 /* SBJsonWriter.m */ = {isa = PBXFileReference; fileEncoding = 4; lastKnownFileType = sourcecode.c.objc; path = SBJsonWriter.m; sourceTree = "<group>"; };
/* End PBXFileReference section */

/* Begin PBXFrameworksBuildPhase section */
		15C9999E1BCCB607006B35B6 /* Frameworks */ = {
			isa = PBXFrameworksBuildPhase;
			buildActionMask = 2147483647;
			files = (
			);
			runOnlyForDeploymentPostprocessing = 0;
		};
		15C999B71BCCB607006B35B6 /* Frameworks */ = {
			isa = PBXFrameworksBuildPhase;
			buildActionMask = 2147483647;
			files = (
			);
			runOnlyForDeploymentPostprocessing = 0;
		};
/* End PBXFrameworksBuildPhase section */

/* Begin PBXGroup section */
		155988EE1BF1199200735DED /* EVACell */ = {
			isa = PBXGroup;
			children = (
				155988EB1BF1198C00735DED /* EVACell.h */,
				155988EC1BF1198C00735DED /* EVACell.m */,
			);
			name = EVACell;
			sourceTree = "<group>";
		};
		15C999981BCCB607006B35B6 = {
			isa = PBXGroup;
			children = (
				15C999A31BCCB607006B35B6 /* EvaluaMed */,
				15C999BD1BCCB607006B35B6 /* EvaluaMedTests */,
				15C999A21BCCB607006B35B6 /* Products */,
			);
			sourceTree = "<group>";
		};
		15C999A21BCCB607006B35B6 /* Products */ = {
			isa = PBXGroup;
			children = (
				15C999A11BCCB607006B35B6 /* EvaluaMed.app */,
				15C999BA1BCCB607006B35B6 /* EvaluaMedTests.xctest */,
			);
			name = Products;
			sourceTree = "<group>";
		};
		15C999A31BCCB607006B35B6 /* EvaluaMed */ = {
			isa = PBXGroup;
			children = (
				15C999A81BCCB607006B35B6 /* AppDelegate.h */,
				15C999A91BCCB607006B35B6 /* AppDelegate.m */,
				15FB032F1BCDACEF00A892E9 /* Jason Classes */,
				15FB031A1BCD96AE00A892E9 /* Evaluate List */,
				15FB03291BCD99AE00A892E9 /* Evaluate */,
				15D3A5841BD94FA000B56E65 /* Get Back password */,
				15FB03201BCD96AE00A892E9 /* Main */,
				15C999ED1BCCB6C1006B35B6 /* Networking */,
				15C999D31BCCB683006B35B6 /* Images */,
				15C999AE1BCCB607006B35B6 /* Main.storyboard */,
				15C999B11BCCB607006B35B6 /* Images.xcassets */,
				15C999B31BCCB607006B35B6 /* LaunchScreen.xib */,
				15C999A41BCCB607006B35B6 /* Supporting Files */,
			);
			path = EvaluaMed;
			sourceTree = "<group>";
		};
		15C999A41BCCB607006B35B6 /* Supporting Files */ = {
			isa = PBXGroup;
			children = (
				15C999A51BCCB607006B35B6 /* Info.plist */,
				15C999A61BCCB607006B35B6 /* main.m */,
			);
			name = "Supporting Files";
			sourceTree = "<group>";
		};
		15C999BD1BCCB607006B35B6 /* EvaluaMedTests */ = {
			isa = PBXGroup;
			children = (
				15C999C01BCCB607006B35B6 /* EvaluaMedTests.m */,
				15C999BE1BCCB607006B35B6 /* Supporting Files */,
			);
			path = EvaluaMedTests;
			sourceTree = "<group>";
		};
		15C999BE1BCCB607006B35B6 /* Supporting Files */ = {
			isa = PBXGroup;
			children = (
				15C999BF1BCCB607006B35B6 /* Info.plist */,
			);
			name = "Supporting Files";
			sourceTree = "<group>";
		};
		15C999D31BCCB683006B35B6 /* Images */ = {
			isa = PBXGroup;
			children = (
				15D3A5851BD9523400B56E65 /* pSend.png */,
				15FB032D1BCDA5BB00A892E9 /* pEvaluate.png */,
				15C999D61BCCB683006B35B6 /* pLogin.png */,
				15C999D71BCCB683006B35B6 /* pLogout.png */,
				15C999D91BCCB683006B35B6 /* pTec.png */,
			);
			path = Images;
			sourceTree = "<group>";
		};
		15C999ED1BCCB6C1006B35B6 /* Networking */ = {
			isa = PBXGroup;
			children = (
				15FB03171BCD968E00A892E9 /* Networking.h */,
				15FB03181BCD968E00A892E9 /* Networking.m */,
			);
			name = Networking;
			sourceTree = "<group>";
		};
		15D3A5841BD94FA000B56E65 /* Get Back password */ = {
			isa = PBXGroup;
			children = (
				15D3A5811BD94F9B00B56E65 /* GetBackViewController.h */,
				15D3A5821BD94F9B00B56E65 /* GetBackViewController.m */,
			);
			name = "Get Back password";
			sourceTree = "<group>";
		};
		15FB031A1BCD96AE00A892E9 /* Evaluate List */ = {
			isa = PBXGroup;
			children = (
				15FB031B1BCD96AE00A892E9 /* ECell */,
				15FB031E1BCD96AE00A892E9 /* EvaluateListViewController.h */,
				15FB031F1BCD96AE00A892E9 /* EvaluateListViewController.m */,
			);
			path = "Evaluate List";
			sourceTree = "<group>";
		};
		15FB031B1BCD96AE00A892E9 /* ECell */ = {
			isa = PBXGroup;
			children = (
				15FB031C1BCD96AE00A892E9 /* ECell.h */,
				15FB031D1BCD96AE00A892E9 /* ECell.m */,
			);
			path = ECell;
			sourceTree = "<group>";
		};
		15FB03201BCD96AE00A892E9 /* Main */ = {
			isa = PBXGroup;
			children = (
				15FB03211BCD96AE00A892E9 /* ViewController.h */,
				15FB03221BCD96AE00A892E9 /* ViewController.m */,
			);
			path = Main;
			sourceTree = "<group>";
		};
		15FB03291BCD99AE00A892E9 /* Evaluate */ = {
			isa = PBXGroup;
			children = (
				155988EE1BF1199200735DED /* EVACell */,
				155988E81BF1177100735DED /* EvaluateTableViewController.h */,
				155988E91BF1177100735DED /* EvaluateTableViewController.m */,
			);
			name = Evaluate;
			sourceTree = "<group>";
		};
		15FB032F1BCDACEF00A892E9 /* Jason Classes */ = {
			isa = PBXGroup;
			children = (
				15FB03301BCDACEF00A892E9 /* NSObject+SBJson.h */,
				15FB03311BCDACEF00A892E9 /* NSObject+SBJson.m */,
				15FB03321BCDACEF00A892E9 /* SBJson.h */,
				15FB03331BCDACEF00A892E9 /* SBJsonParser.h */,
				15FB03341BCDACEF00A892E9 /* SBJsonParser.m */,
				15FB03351BCDACEF00A892E9 /* SBJsonStreamParser.h */,
				15FB03361BCDACEF00A892E9 /* SBJsonStreamParser.m */,
				15FB03371BCDACEF00A892E9 /* SBJsonStreamParserAccumulator.h */,
				15FB03381BCDACEF00A892E9 /* SBJsonStreamParserAccumulator.m */,
				15FB03391BCDACEF00A892E9 /* SBJsonStreamParserAdapter.h */,
				15FB033A1BCDACEF00A892E9 /* SBJsonStreamParserAdapter.m */,
				15FB033B1BCDACEF00A892E9 /* SBJsonStreamParserState.h */,
				15FB033C1BCDACEF00A892E9 /* SBJsonStreamParserState.m */,
				15FB033D1BCDACEF00A892E9 /* SBJsonStreamWriter.h */,
				15FB033E1BCDACEF00A892E9 /* SBJsonStreamWriter.m */,
				15FB033F1BCDACEF00A892E9 /* SBJsonStreamWriterAccumulator.h */,
				15FB03401BCDACEF00A892E9 /* SBJsonStreamWriterAccumulator.m */,
				15FB03411BCDACEF00A892E9 /* SBJsonStreamWriterState.h */,
				15FB03421BCDACEF00A892E9 /* SBJsonStreamWriterState.m */,
				15FB03431BCDACEF00A892E9 /* SBJsonTokeniser.h */,
				15FB03441BCDACEF00A892E9 /* SBJsonTokeniser.m */,
				15FB03451BCDACEF00A892E9 /* SBJsonUTF8Stream.h */,
				15FB03461BCDACEF00A892E9 /* SBJsonUTF8Stream.m */,
				15FB03471BCDACEF00A892E9 /* SBJsonWriter.h */,
				15FB03481BCDACEF00A892E9 /* SBJsonWriter.m */,
			);
			path = "Jason Classes";
			sourceTree = "<group>";
		};
/* End PBXGroup section */

/* Begin PBXNativeTarget section */
		15C999A01BCCB607006B35B6 /* EvaluaMed */ = {
			isa = PBXNativeTarget;
			buildConfigurationList = 15C999C41BCCB607006B35B6 /* Build configuration list for PBXNativeTarget "EvaluaMed" */;
			buildPhases = (
				15C9999D1BCCB607006B35B6 /* Sources */,
				15C9999E1BCCB607006B35B6 /* Frameworks */,
				15C9999F1BCCB607006B35B6 /* Resources */,
			);
			buildRules = (
			);
			dependencies = (
			);
			name = EvaluaMed;
			productName = EvaluaMed;
			productReference = 15C999A11BCCB607006B35B6 /* EvaluaMed.app */;
			productType = "com.apple.product-type.application";
		};
		15C999B91BCCB607006B35B6 /* EvaluaMedTests */ = {
			isa = PBXNativeTarget;
			buildConfigurationList = 15C999C71BCCB607006B35B6 /* Build configuration list for PBXNativeTarget "EvaluaMedTests" */;
			buildPhases = (
				15C999B61BCCB607006B35B6 /* Sources */,
				15C999B71BCCB607006B35B6 /* Frameworks */,
				15C999B81BCCB607006B35B6 /* Resources */,
			);
			buildRules = (
			);
			dependencies = (
				15C999BC1BCCB607006B35B6 /* PBXTargetDependency */,
			);
			name = EvaluaMedTests;
			productName = EvaluaMedTests;
			productReference = 15C999BA1BCCB607006B35B6 /* EvaluaMedTests.xctest */;
			productType = "com.apple.product-type.bundle.unit-test";
		};
/* End PBXNativeTarget section */

/* Begin PBXProject section */
		15C999991BCCB607006B35B6 /* Project object */ = {
			isa = PBXProject;
			attributes = {
				LastUpgradeCheck = 0610;
				ORGANIZATIONNAME = ITESM;
				TargetAttributes = {
					15C999A01BCCB607006B35B6 = {
						CreatedOnToolsVersion = 6.1.1;
					};
					15C999B91BCCB607006B35B6 = {
						CreatedOnToolsVersion = 6.1.1;
						TestTargetID = 15C999A01BCCB607006B35B6;
					};
				};
			};
			buildConfigurationList = 15C9999C1BCCB607006B35B6 /* Build configuration list for PBXProject "EvaluaMed" */;
			compatibilityVersion = "Xcode 3.2";
			developmentRegion = English;
			hasScannedForEncodings = 0;
			knownRegions = (
				en,
				Base,
			);
			mainGroup = 15C999981BCCB607006B35B6;
			productRefGroup = 15C999A21BCCB607006B35B6 /* Products */;
			projectDirPath = "";
			projectRoot = "";
			targets = (
				15C999A01BCCB607006B35B6 /* EvaluaMed */,
				15C999B91BCCB607006B35B6 /* EvaluaMedTests */,
			);
		};
/* End PBXProject section */

/* Begin PBXResourcesBuildPhase section */
		15C9999F1BCCB607006B35B6 /* Resources */ = {
			isa = PBXResourcesBuildPhase;
			buildActionMask = 2147483647;
			files = (
				15C999B01BCCB607006B35B6 /* Main.storyboard in Resources */,
				15C999E71BCCB683006B35B6 /* pTec.png in Resources */,
				15C999E41BCCB683006B35B6 /* pLogin.png in Resources */,
				15FB032E1BCDA5BB00A892E9 /* pEvaluate.png in Resources */,
				15C999B51BCCB607006B35B6 /* LaunchScreen.xib in Resources */,
				15C999B21BCCB607006B35B6 /* Images.xcassets in Resources */,
				15D3A5861BD9523400B56E65 /* pSend.png in Resources */,
				15C999E51BCCB683006B35B6 /* pLogout.png in Resources */,
			);
			runOnlyForDeploymentPostprocessing = 0;
		};
		15C999B81BCCB607006B35B6 /* Resources */ = {
			isa = PBXResourcesBuildPhase;
			buildActionMask = 2147483647;
			files = (
			);
			runOnlyForDeploymentPostprocessing = 0;
		};
/* End PBXResourcesBuildPhase section */

/* Begin PBXSourcesBuildPhase section */
		15C9999D1BCCB607006B35B6 /* Sources */ = {
			isa = PBXSourcesBuildPhase;
			buildActionMask = 2147483647;
			files = (
				15FB03521BCDACEF00A892E9 /* SBJsonTokeniser.m in Sources */,
				15FB03251BCD96AE00A892E9 /* ViewController.m in Sources */,
				15C999AA1BCCB607006B35B6 /* AppDelegate.m in Sources */,
				155988ED1BF1198C00735DED /* EVACell.m in Sources */,
				15FB034E1BCDACEF00A892E9 /* SBJsonStreamParserState.m in Sources */,
				15FB03241BCD96AE00A892E9 /* EvaluateListViewController.m in Sources */,
				15D3A5831BD94F9B00B56E65 /* GetBackViewController.m in Sources */,
				15FB03191BCD968E00A892E9 /* Networking.m in Sources */,
				15FB03541BCDACEF00A892E9 /* SBJsonWriter.m in Sources */,
				15C999A71BCCB607006B35B6 /* main.m in Sources */,
				15FB034C1BCDACEF00A892E9 /* SBJsonStreamParserAccumulator.m in Sources */,
				15FB034A1BCDACEF00A892E9 /* SBJsonParser.m in Sources */,
				155988EA1BF1177100735DED /* EvaluateTableViewController.m in Sources */,
				15FB03491BCDACEF00A892E9 /* NSObject+SBJson.m in Sources */,
				15FB03531BCDACEF00A892E9 /* SBJsonUTF8Stream.m in Sources */,
				15FB03231BCD96AE00A892E9 /* ECell.m in Sources */,
				15FB03501BCDACEF00A892E9 /* SBJsonStreamWriterAccumulator.m in Sources */,
				15FB034F1BCDACEF00A892E9 /* SBJsonStreamWriter.m in Sources */,
				15FB03511BCDACEF00A892E9 /* SBJsonStreamWriterState.m in Sources */,
				15FB034B1BCDACEF00A892E9 /* SBJsonStreamParser.m in Sources */,
				15FB034D1BCDACEF00A892E9 /* SBJsonStreamParserAdapter.m in Sources */,
			);
			runOnlyForDeploymentPostprocessing = 0;
		};
		15C999B61BCCB607006B35B6 /* Sources */ = {
			isa = PBXSourcesBuildPhase;
			buildActionMask = 2147483647;
			files = (
				15C999C11BCCB607006B35B6 /* EvaluaMedTests.m in Sources */,
			);
			runOnlyForDeploymentPostprocessing = 0;
		};
/* End PBXSourcesBuildPhase section */

/* Begin PBXTargetDependency section */
		15C999BC1BCCB607006B35B6 /* PBXTargetDependency */ = {
			isa = PBXTargetDependency;
			target = 15C999A01BCCB607006B35B6 /* EvaluaMed */;
			targetProxy = 15C999BB1BCCB607006B35B6 /* PBXContainerItemProxy */;
		};
/* End PBXTargetDependency section */

/* Begin PBXVariantGroup section */
		15C999AE1BCCB607006B35B6 /* Main.storyboard */ = {
			isa = PBXVariantGroup;
			children = (
				15C999AF1BCCB607006B35B6 /* Base */,
			);
			name = Main.storyboard;
			sourceTree = "<group>";
		};
		15C999B31BCCB607006B35B6 /* LaunchScreen.xib */ = {
			isa = PBXVariantGroup;
			children = (
				15C999B41BCCB607006B35B6 /* Base */,
			);
			name = LaunchScreen.xib;
			sourceTree = "<group>";
		};
/* End PBXVariantGroup section */

/* Begin XCBuildConfiguration section */
		15C999C21BCCB607006B35B6 /* Debug */ = {
			isa = XCBuildConfiguration;
			buildSettings = {
				ALWAYS_SEARCH_USER_PATHS = NO;
				CLANG_CXX_LANGUAGE_STANDARD = "gnu++0x";
				CLANG_CXX_LIBRARY = "libc++";
				CLANG_ENABLE_MODULES = YES;
				CLANG_ENABLE_OBJC_ARC = YES;
				CLANG_WARN_BOOL_CONVERSION = YES;
				CLANG_WARN_CONSTANT_CONVERSION = YES;
				CLANG_WARN_DIRECT_OBJC_ISA_USAGE = YES_ERROR;
				CLANG_WARN_EMPTY_BODY = YES;
				CLANG_WARN_ENUM_CONVERSION = YES;
				CLANG_WARN_INT_CONVERSION = YES;
				CLANG_WARN_OBJC_ROOT_CLASS = YES_ERROR;
				CLANG_WARN_UNREACHABLE_CODE = YES;
				CLANG_WARN__DUPLICATE_METHOD_MATCH = YES;
				"CODE_SIGN_IDENTITY[sdk=iphoneos*]" = "iPhone Developer";
				COPY_PHASE_STRIP = NO;
				ENABLE_STRICT_OBJC_MSGSEND = YES;
				GCC_C_LANGUAGE_STANDARD = gnu99;
				GCC_DYNAMIC_NO_PIC = NO;
				GCC_OPTIMIZATION_LEVEL = 0;
				GCC_PREPROCESSOR_DEFINITIONS = (
					"DEBUG=1",
					"$(inherited)",
				);
				GCC_SYMBOLS_PRIVATE_EXTERN = NO;
				GCC_WARN_64_TO_32_BIT_CONVERSION = YES;
				GCC_WARN_ABOUT_RETURN_TYPE = YES_ERROR;
				GCC_WARN_UNDECLARED_SELECTOR = YES;
				GCC_WARN_UNINITIALIZED_AUTOS = YES_AGGRESSIVE;
				GCC_WARN_UNUSED_FUNCTION = YES;
				GCC_WARN_UNUSED_VARIABLE = YES;
				IPHONEOS_DEPLOYMENT_TARGET = 8.1;
				MTL_ENABLE_DEBUG_INFO = YES;
				ONLY_ACTIVE_ARCH = YES;
				SDKROOT = iphoneos;
			};
			name = Debug;
		};
		15C999C31BCCB607006B35B6 /* Release */ = {
			isa = XCBuildConfiguration;
			buildSettings = {
				ALWAYS_SEARCH_USER_PATHS = NO;
				CLANG_CXX_LANGUAGE_STANDARD = "gnu++0x";
				CLANG_CXX_LIBRARY = "libc++";
				CLANG_ENABLE_MODULES = YES;
				CLANG_ENABLE_OBJC_ARC = YES;
				CLANG_WARN_BOOL_CONVERSION = YES;
				CLANG_WARN_CONSTANT_CONVERSION = YES;
				CLANG_WARN_DIRECT_OBJC_ISA_USAGE = YES_ERROR;
				CLANG_WARN_EMPTY_BODY = YES;
				CLANG_WARN_ENUM_CONVERSION = YES;
				CLANG_WARN_INT_CONVERSION = YES;
				CLANG_WARN_OBJC_ROOT_CLASS = YES_ERROR;
				CLANG_WARN_UNREACHABLE_CODE = YES;
				CLANG_WARN__DUPLICATE_METHOD_MATCH = YES;
				"CODE_SIGN_IDENTITY[sdk=iphoneos*]" = "iPhone Developer";
				COPY_PHASE_STRIP = YES;
				ENABLE_NS_ASSERTIONS = NO;
				ENABLE_STRICT_OBJC_MSGSEND = YES;
				GCC_C_LANGUAGE_STANDARD = gnu99;
				GCC_WARN_64_TO_32_BIT_CONVERSION = YES;
				GCC_WARN_ABOUT_RETURN_TYPE = YES_ERROR;
				GCC_WARN_UNDECLARED_SELECTOR = YES;
				GCC_WARN_UNINITIALIZED_AUTOS = YES_AGGRESSIVE;
				GCC_WARN_UNUSED_FUNCTION = YES;
				GCC_WARN_UNUSED_VARIABLE = YES;
				IPHONEOS_DEPLOYMENT_TARGET = 8.1;
				MTL_ENABLE_DEBUG_INFO = NO;
				SDKROOT = iphoneos;
				VALIDATE_PRODUCT = YES;
			};
			name = Release;
		};
		15C999C51BCCB607006B35B6 /* Debug */ = {
			isa = XCBuildConfiguration;
			buildSettings = {
				ASSETCATALOG_COMPILER_APPICON_NAME = AppIcon;
				INFOPLIST_FILE = EvaluaMed/Info.plist;
				LD_RUNPATH_SEARCH_PATHS = "$(inherited) @executable_path/Frameworks";
				PRODUCT_NAME = "$(TARGET_NAME)";
			};
			name = Debug;
		};
		15C999C61BCCB607006B35B6 /* Release */ = {
			isa = XCBuildConfiguration;
			buildSettings = {
				ASSETCATALOG_COMPILER_APPICON_NAME = AppIcon;
				INFOPLIST_FILE = EvaluaMed/Info.plist;
				LD_RUNPATH_SEARCH_PATHS = "$(inherited) @executable_path/Frameworks";
				PRODUCT_NAME = "$(TARGET_NAME)";
			};
			name = Release;
		};
		15C999C81BCCB607006B35B6 /* Debug */ = {
			isa = XCBuildConfiguration;
			buildSettings = {
				BUNDLE_LOADER = "$(TEST_HOST)";
				FRAMEWORK_SEARCH_PATHS = (
					"$(SDKROOT)/Developer/Library/Frameworks",
					"$(inherited)",
				);
				GCC_PREPROCESSOR_DEFINITIONS = (
					"DEBUG=1",
					"$(inherited)",
				);
				INFOPLIST_FILE = EvaluaMedTests/Info.plist;
				LD_RUNPATH_SEARCH_PATHS = "$(inherited) @executable_path/Frameworks @loader_path/Frameworks";
				PRODUCT_NAME = "$(TARGET_NAME)";
				TEST_HOST = "$(BUILT_PRODUCTS_DIR)/EvaluaMed.app/EvaluaMed";
			};
			name = Debug;
		};
		15C999C91BCCB607006B35B6 /* Release */ = {
			isa = XCBuildConfiguration;
			buildSettings = {
				BUNDLE_LOADER = "$(TEST_HOST)";
				FRAMEWORK_SEARCH_PATHS = (
					"$(SDKROOT)/Developer/Library/Frameworks",
					"$(inherited)",
				);
				INFOPLIST_FILE = EvaluaMedTests/Info.plist;
				LD_RUNPATH_SEARCH_PATHS = "$(inherited) @executable_path/Frameworks @loader_path/Frameworks";
				PRODUCT_NAME = "$(TARGET_NAME)";
				TEST_HOST = "$(BUILT_PRODUCTS_DIR)/EvaluaMed.app/EvaluaMed";
			};
			name = Release;
		};
/* End XCBuildConfiguration section */

/* Begin XCConfigurationList section */
		15C9999C1BCCB607006B35B6 /* Build configuration list for PBXProject "EvaluaMed" */ = {
			isa = XCConfigurationList;
			buildConfigurations = (
				15C999C21BCCB607006B35B6 /* Debug */,
				15C999C31BCCB607006B35B6 /* Release */,
			);
			defaultConfigurationIsVisible = 0;
			defaultConfigurationName = Release;
		};
		15C999C41BCCB607006B35B6 /* Build configuration list for PBXNativeTarget "EvaluaMed" */ = {
			isa = XCConfigurationList;
			buildConfigurations = (
				15C999C51BCCB607006B35B6 /* Debug */,
				15C999C61BCCB607006B35B6 /* Release */,
			);
			defaultConfigurationIsVisible = 0;
			defaultConfigurationName = Release;
		};
		15C999C71BCCB607006B35B6 /* Build configuration list for PBXNativeTarget "EvaluaMedTests" */ = {
			isa = XCConfigurationList;
			buildConfigurations = (
				15C999C81BCCB607006B35B6 /* Debug */,
				15C999C91BCCB607006B35B6 /* Release */,
			);
			defaultConfigurationIsVisible = 0;
			defaultConfigurationName = Release;
		};
/* End XCConfigurationList section */
	};
	rootObject = 15C999991BCCB607006B35B6 /* Project object */;
}
